<?xml version="1.0" encoding="UTF-8" standalone="yes" ?>
<CodeBlocks_project_file>
	<FileVersion major="1" minor="6" />
	<Project>
		<Option title="mon" />
		<Option pch_mode="2" />
		<Option compiler="gcc" />
		<Build>
			<Target title="Debug">
				<Option output="bin/Debug/mon" prefix_auto="1" extension_auto="1" />
				<Option object_output="obj/Debug/" />
				<Option type="1" />
				<Option compiler="gcc" />
				<Compiler>
					<Add option="-g" />
				</Compiler>
			</Target>
			<Target title="Release">
				<Option output="bin/Release/mon" prefix_auto="1" extension_auto="1" />
				<Option object_output="obj/Release/" />
				<Option type="1" />
				<Option compiler="gcc" />
				<Compiler>
					<Add option="-O2" />
				</Compiler>
				<Linker>
					<Add option="-s" />
				</Linker>
			</Target>
		</Build>
		<Compiler>
			<Add option="-Wall" />
		</Compiler>
		<Unit filename="../../application/CMakeDebug.txt" />
		<Unit filename="../../application/CMakeLists.txt" />
		<Unit filename="../../application/daemons/node/src/main.cpp" />
		<Unit filename="../../application/daemons/node/src/network/cmonnodesocketserver.cpp" />
		<Unit filename="../../application/daemons/node/src/network/cmonnodesocketserver.h" />
		<Unit filename="../../application/daemons/node/src/node_st.h" />
		<Unit filename="../../application/daemons/server/src/main.cpp" />
		<Unit filename="../../application/daemons/server/src/network/cmonnodesocketclient.cpp" />
		<Unit filename="../../application/daemons/server/src/network/cmonnodesocketclient.h" />
		<Unit filename="../../application/daemons/server/src/nodes/cmonnode.cpp" />
		<Unit filename="../../application/daemons/server/src/nodes/cmonnode.h" />
		<Unit filename="../../application/daemons/server/src/nodes/cmonnodesmanager.cpp" />
		<Unit filename="../../application/daemons/server/src/nodes/cmonnodesmanager.h" />
		<Unit filename="../../application/daemons/server/src/server_st.h" />
		<Unit filename="../../application/defines/default-application.h" />
		<Unit filename="../../application/defines/signals-helper.h" />
		<Unit filename="../../application/defines/st.h" />
		<Unit filename="../../application/defines/threads-helper.h" />
		<Unit filename="../../application/libraryes/base/src/csingleton.cpp" />
		<Unit filename="../../application/libraryes/base/src/csingleton.h" />
		<Unit filename="../../application/libraryes/base/src/csingletonmember.cpp" />
		<Unit filename="../../application/libraryes/base/src/csingletonmember.h" />
		<Unit filename="../../application/libraryes/base/src/main.cpp" />
		<Unit filename="../../application/libraryes/config/src/cconfig.cpp" />
		<Unit filename="../../application/libraryes/config/src/cconfig.h" />
		<Unit filename="../../application/libraryes/config/src/cfile.cpp" />
		<Unit filename="../../application/libraryes/config/src/cfile.h" />
		<Unit filename="../../application/libraryes/config/src/cfolder.cpp" />
		<Unit filename="../../application/libraryes/config/src/cfolder.h" />
		<Unit filename="../../application/libraryes/config/src/cgenerator.cpp" />
		<Unit filename="../../application/libraryes/config/src/cgenerator.h" />
		<Unit filename="../../application/libraryes/config/src/cnode.cpp" />
		<Unit filename="../../application/libraryes/config/src/cnode.h" />
		<Unit filename="../../application/libraryes/config/src/config.h" />
		<Unit filename="../../application/libraryes/config/src/cparcer.cpp" />
		<Unit filename="../../application/libraryes/config/src/cparcer.h" />
		<Unit filename="../../application/libraryes/config/src/cvariant.cpp" />
		<Unit filename="../../application/libraryes/config/src/cvariant.h" />
		<Unit filename="../../application/libraryes/config/src/main.cpp" />
		<Unit filename="../../application/libraryes/config/src/pathinterface.h" />
		<Unit filename="../../application/libraryes/logger/src/clogger.cpp" />
		<Unit filename="../../application/libraryes/logger/src/clogger.h" />
		<Unit filename="../../application/libraryes/logger/src/clogmessage.cpp" />
		<Unit filename="../../application/libraryes/logger/src/clogmessage.h" />
		<Unit filename="../../application/libraryes/logger/src/logger.h" />
		<Unit filename="../../application/libraryes/logger/src/main.cpp" />
		<Unit filename="../../application/libraryes/network/src/cclientsocket.cpp" />
		<Unit filename="../../application/libraryes/network/src/cclientsocket.h" />
		<Unit filename="../../application/libraryes/network/src/cserversocket.cpp" />
		<Unit filename="../../application/libraryes/network/src/cserversocket.h" />
		<Unit filename="../../application/libraryes/network/src/csocket.cpp" />
		<Unit filename="../../application/libraryes/network/src/csocket.h" />
		<Unit filename="../../application/libraryes/network/src/main.cpp" />
		<Unit filename="../../application/libraryes/protocol/src/main.cpp" />
		<Extensions>
			<code_completion>
				<search_path add="/usr/lib/gcc/x86_64-pc-linux-gnu/4.4.3/include" />
				<search_path add="/usr/include" />
			</code_completion>
			<debugger />
			<envvars />
		</Extensions>
	</Project>
</CodeBlocks_project_file>
